// !$*UTF8*$!
{
	archiveVersion = 1;
	classes = {
	};
	objectVersion = 50;
	objects = {

/* Begin PBXBuildFile section */
		C94B79F625C4DEFA00075DFE /* AppDelegate.swift in Sources */ = {isa = PBXBuildFile; fileRef = C94B79F525C4DEFA00075DFE /* AppDelegate.swift */; };
		C94B79F825C4DEFC00075DFE /* Assets.xcassets in Resources */ = {isa = PBXBuildFile; fileRef = C94B79F725C4DEFC00075DFE /* Assets.xcassets */; };
		C94B79FB25C4DEFC00075DFE /* MainMenu.xib in Resources */ = {isa = PBXBuildFile; fileRef = C94B79F925C4DEFC00075DFE /* MainMenu.xib */; };
		C94B7A0425C4DF3400075DFE /* Neon.swift in Sources */ = {isa = PBXBuildFile; fileRef = C94B7A0325C4DF3400075DFE /* Neon.swift */; };
		C94B7A0625C4E1EF00075DFE /* NSScreen+Extensions.swift in Sources */ = {isa = PBXBuildFile; fileRef = C94B7A0525C4E1EF00075DFE /* NSScreen+Extensions.swift */; };
		C94B7A0825C528DF00075DFE /* NSApplication+Extensions.swift in Sources */ = {isa = PBXBuildFile; fileRef = C94B7A0725C528DF00075DFE /* NSApplication+Extensions.swift */; };
/* End PBXBuildFile section */

/* Begin PBXFileReference section */
		C94B79F225C4DEFA00075DFE /* Neon.app */ = {isa = PBXFileReference; explicitFileType = wrapper.application; includeInIndex = 0; path = Neon.app; sourceTree = BUILT_PRODUCTS_DIR; };
		C94B79F525C4DEFA00075DFE /* AppDelegate.swift */ = {isa = PBXFileReference; lastKnownFileType = sourcecode.swift; path = AppDelegate.swift; sourceTree = "<group>"; };
		C94B79F725C4DEFC00075DFE /* Assets.xcassets */ = {isa = PBXFileReference; lastKnownFileType = folder.assetcatalog; path = Assets.xcassets; sourceTree = "<group>"; };
		C94B79FA25C4DEFC00075DFE /* Base */ = {isa = PBXFileReference; lastKnownFileType = file.xib; name = Base; path = Base.lproj/MainMenu.xib; sourceTree = "<group>"; };
		C94B79FC25C4DEFC00075DFE /* Info.plist */ = {isa = PBXFileReference; lastKnownFileType = text.plist.xml; path = Info.plist; sourceTree = "<group>"; };
		C94B79FD25C4DEFC00075DFE /* Neon.entitlements */ = {isa = PBXFileReference; lastKnownFileType = text.plist.entitlements; path = Neon.entitlements; sourceTree = "<group>"; };
		C94B7A0325C4DF3400075DFE /* Neon.swift */ = {isa = PBXFileReference; lastKnownFileType = sourcecode.swift; path = Neon.swift; sourceTree = "<group>"; };
		C94B7A0525C4E1EF00075DFE /* NSScreen+Extensions.swift */ = {isa = PBXFileReference; lastKnownFileType = sourcecode.swift; path = "NSScreen+Extensions.swift"; sourceTree = "<group>"; };
		C94B7A0725C528DF00075DFE /* NSApplication+Extensions.swift */ = {isa = PBXFileReference; lastKnownFileType = sourcecode.swift; path = "NSApplication+Extensions.swift"; sourceTree = "<group>"; };
/* End PBXFileReference section */

/* Begin PBXFrameworksBuildPhase section */
		C94B79EF25C4DEFA00075DFE /* Frameworks */ = {
			isa = PBXFrameworksBuildPhase;
			buildActionMask = 2147483647;
			files = (
			);
			runOnlyForDeploymentPostprocessing = 0;
		};
/* End PBXFrameworksBuildPhase section */

/* Begin PBXGroup section */
		C94B79E925C4DEFA00075DFE = {
			isa = PBXGroup;
			children = (
				C94B79F425C4DEFA00075DFE /* Neon */,
				C94B79F325C4DEFA00075DFE /* Products */,
			);
			sourceTree = "<group>";
		};
		C94B79F325C4DEFA00075DFE /* Products */ = {
			isa = PBXGroup;
			children = (
				C94B79F225C4DEFA00075DFE /* Neon.app */,
			);
			name = Products;
			sourceTree = "<group>";
		};
		C94B79F425C4DEFA00075DFE /* Neon */ = {
			isa = PBXGroup;
			children = (
				C94B79F525C4DEFA00075DFE /* AppDelegate.swift */,
				C94B7A0725C528DF00075DFE /* NSApplication+Extensions.swift */,
				C94B7A0525C4E1EF00075DFE /* NSScreen+Extensions.swift */,
				C94B7A0325C4DF3400075DFE /* Neon.swift */,
				C94B79F725C4DEFC00075DFE /* Assets.xcassets */,
				C94B79F925C4DEFC00075DFE /* MainMenu.xib */,
				C94B79FC25C4DEFC00075DFE /* Info.plist */,
				C94B79FD25C4DEFC00075DFE /* Neon.entitlements */,
			);
			path = Neon;
			sourceTree = "<group>";
		};
/* End PBXGroup section */

/* Begin PBXNativeTarget section */
		C94B79F125C4DEFA00075DFE /* Neon */ = {
			isa = PBXNativeTarget;
			buildConfigurationList = C94B7A0025C4DEFC00075DFE /* Build configuration list for PBXNativeTarget "Neon" */;
			buildPhases = (
				C94B79EE25C4DEFA00075DFE /* Sources */,
				C94B79EF25C4DEFA00075DFE /* Frameworks */,
				C94B79F025C4DEFA00075DFE /* Resources */,
			);
			buildRules = (
			);
			dependencies = (
			);
			name = Neon;
			productName = Neon;
			productReference = C94B79F225C4DEFA00075DFE /* Neon.app */;
			productType = "com.apple.product-type.application";
		};
/* End PBXNativeTarget section */

/* Begin PBXProject section */
		C94B79EA25C4DEFA00075DFE /* Project object */ = {
			isa = PBXProject;
			attributes = {
				LastSwiftUpdateCheck = 1170;
				LastUpgradeCheck = 1170;
				ORGANIZATIONNAME = "Matt Beshara";
				TargetAttributes = {
					C94B79F125C4DEFA00075DFE = {
						CreatedOnToolsVersion = 11.7;
					};
				};
			};
			buildConfigurationList = C94B79ED25C4DEFA00075DFE /* Build configuration list for PBXProject "Neon" */;
			compatibilityVersion = "Xcode 9.3";
			developmentRegion = en;
			hasScannedForEncodings = 0;
			knownRegions = (
				en,
				Base,
			);
			mainGroup = C94B79E925C4DEFA00075DFE;
			productRefGroup = C94B79F325C4DEFA00075DFE /* Products */;
			projectDirPath = "";
			projectRoot = "";
			targets = (
				C94B79F125C4DEFA00075DFE /* Neon */,
			);
		};
/* End PBXProject section */

/* Begin PBXResourcesBuildPhase section */
		C94B79F025C4DEFA00075DFE /* Resources */ = {
			isa = PBXResourcesBuildPhase;
			buildActionMask = 2147483647;
			files = (
				C94B79F825C4DEFC00075DFE /* Assets.xcassets in Resources */,
				C94B79FB25C4DEFC00075DFE /* MainMenu.xib in Resources */,
			);
			runOnlyForDeploymentPostprocessing = 0;
		};
/* End PBXResourcesBuildPhase section */

/* Begin PBXSourcesBuildPhase section */
		C94B79EE25C4DEFA00075DFE /* Sources */ = {
			isa = PBXSourcesBuildPhase;
			buildActionMask = 2147483647;
			files = (
				C94B79F625C4DEFA00075DFE /* AppDelegate.swift in Sources */,
				C94B7A0825C528DF00075DFE /* NSApplication+Extensions.swift in Sources */,
				C94B7A0425C4DF3400075DFE /* Neon.swift in Sources */,
				C94B7A0625C4E1EF00075DFE /* NSScreen+Extensions.swift in Sources */,
			);
			runOnlyForDeploymentPostprocessing = 0;
		};
/* End PBXSourcesBuildPhase section */

/* Begin PBXVariantGroup section */
		C94B79F925C4DEFC00075DFE /* MainMenu.xib */ = {
			isa = PBXVariantGroup;
			children = (
				C94B79FA25C4DEFC00075DFE /* Base */,
			);
			name = MainMenu.xib;
			sourceTree = "<group>";
		};
/* End PBXVariantGroup section */

/* Begin XCBuildConfiguration section */
		C94B79FE25C4DEFC00075DFE /* Debug */ = {
			isa = XCBuildConfiguration;
			buildSettings = {
				ALWAYS_SEARCH_USER_PATHS = NO;
				CLANG_ANALYZER_NONNULL = YES;
				CLANG_ANALYZER_NUMBER_OBJECT_CONVERSION = YES_AGGRESSIVE;
				CLANG_CXX_LANGUAGE_STANDARD = "gnu++14";
				CLANG_CXX_LIBRARY = "libc++";
				CLANG_ENABLE_MODULES = YES;
				CLANG_ENABLE_OBJC_ARC = YES;
				CLANG_ENABLE_OBJC_WEAK = YES;
				CLANG_WARN_BLOCK_CAPTURE_AUTORELEASING = YES;
				CLANG_WARN_BOOL_CONVERSION = YES;
				CLANG_WARN_COMMA = YES;
				CLANG_WARN_CONSTANT_CONVERSION = YES;
				CLANG_WARN_DEPRECATED_OBJC_IMPLEMENTATIONS = YES;
				CLANG_WARN_DIRECT_OBJC_ISA_USAGE = YES_ERROR;
				CLANG_WARN_DOCUMENTATION_COMMENTS = YES;
				CLANG_WARN_EMPTY_BODY = YES;
				CLANG_WARN_ENUM_CONVERSION = YES;
				CLANG_WARN_INFINITE_RECURSION = YES;
				CLANG_WARN_INT_CONVERSION = YES;
				CLANG_WARN_NON_LITERAL_NULL_CONVERSION = YES;
				CLANG_WARN_OBJC_IMPLICIT_RETAIN_SELF = YES;
				CLANG_WARN_OBJC_LITERAL_CONVERSION = YES;
				CLANG_WARN_OBJC_ROOT_CLASS = YES_ERROR;
				CLANG_WARN_RANGE_LOOP_ANALYSIS = YES;
				CLANG_WARN_STRICT_PROTOTYPES = YES;
				CLANG_WARN_SUSPICIOUS_MOVE = YES;
				CLANG_WARN_UNGUARDED_AVAILABILITY = YES_AGGRESSIVE;
				CLANG_WARN_UNREACHABLE_CODE = YES;
				CLANG_WARN__DUPLICATE_METHOD_MATCH = YES;
				COPY_PHASE_STRIP = NO;
				DEBUG_INFORMATION_FORMAT = dwarf;
				ENABLE_STRICT_OBJC_MSGSEND = YES;
				ENABLE_TESTABILITY = YES;
				GCC_C_LANGUAGE_STANDARD = gnu11;
				GCC_DYNAMIC_NO_PIC = NO;
				GCC_NO_COMMON_BLOCKS = YES;
				GCC_OPTIMIZATION_LEVEL = 0;
				GCC_PREPROCESSOR_DEFINITIONS = (
					"DEBUG=1",
					"$(inherited)",
				);
				GCC_WARN_64_TO_32_BIT_CONVERSION = YES;
				GCC_WARN_ABOUT_RETURN_TYPE = YES_ERROR;
				GCC_WARN_UNDECLARED_SELECTOR = YES;
				GCC_WARN_UNINITIALIZED_AUTOS = YES_AGGRESSIVE;
				GCC_WARN_UNUSED_FUNCTION = YES;
				GCC_WARN_UNUSED_VARIABLE = YES;
				MACOSX_DEPLOYMENT_TARGET = 10.14;
				MTL_ENABLE_DEBUG_INFO = INCLUDE_SOURCE;
				MTL_FAST_MATH = YES;
				ONLY_ACTIVE_ARCH = YES;
				SDKROOT = macosx;
				SWIFT_ACTIVE_COMPILATION_CONDITIONS = DEBUG;
				SWIFT_OPTIMIZATION_LEVEL = "-Onone";
			};
			name = Debug;
		};
		C94B79FF25C4DEFC00075DFE /* Release */ = {
			isa = XCBuildConfiguration;
			buildSettings = {
				ALWAYS_SEARCH_USER_PATHS = NO;
				CLANG_ANALYZER_NONNULL = YES;
				CLANG_ANALYZER_NUMBER_OBJECT_CONVERSION = YES_AGGRESSIVE;
				CLANG_CXX_LANGUAGE_STANDARD = "gnu++14";
				CLANG_CXX_LIBRARY = "libc++";
				CLANG_ENABLE_MODULES = YES;
				CLANG_ENABLE_OBJC_ARC = YES;
				CLANG_ENABLE_OBJC_WEAK = YES;
				CLANG_WARN_BLOCK_CAPTURE_AUTORELEASING = YES;
				CLANG_WARN_BOOL_CONVERSION = YES;
				CLANG_WARN_COMMA = YES;
				CLANG_WARN_CONSTANT_CONVERSION = YES;
				CLANG_WARN_DEPRECATED_OBJC_IMPLEMENTATIONS = YES;
				CLANG_WARN_DIRECT_OBJC_ISA_USAGE = YES_ERROR;
				CLANG_WARN_DOCUMENTATION_COMMENTS = YES;
				CLANG_WARN_EMPTY_BODY = YES;
				CLANG_WARN_ENUM_CONVERSION = YES;
				CLANG_WARN_INFINITE_RECURSION = YES;
				CLANG_WARN_INT_CONVERSION = YES;
				CLANG_WARN_NON_LITERAL_NULL_CONVERSION = YES;
				CLANG_WARN_OBJC_IMPLICIT_RETAIN_SELF = YES;
				CLANG_WARN_OBJC_LITERAL_CONVERSION = YES;
				CLANG_WARN_OBJC_ROOT_CLASS = YES_ERROR;
				CLANG_WARN_RANGE_LOOP_ANALYSIS = YES;
				CLANG_WARN_STRICT_PROTOTYPES = YES;
				CLANG_WARN_SUSPICIOUS_MOVE = YES;
				CLANG_WARN_UNGUARDED_AVAILABILITY = YES_AGGRESSIVE;
				CLANG_WARN_UNREACHABLE_CODE = YES;
				CLANG_WARN__DUPLICATE_METHOD_MATCH = YES;
				COPY_PHASE_STRIP = NO;
				DEBUG_INFORMATION_FORMAT = "dwarf-with-dsym";
				ENABLE_NS_ASSERTIONS = NO;
				ENABLE_STRICT_OBJC_MSGSEND = YES;
				GCC_C_LANGUAGE_STANDARD = gnu11;
				GCC_NO_COMMON_BLOCKS = YES;
				GCC_WARN_64_TO_32_BIT_CONVERSION = YES;
				GCC_WARN_ABOUT_RETURN_TYPE = YES_ERROR;
				GCC_WARN_UNDECLARED_SELECTOR = YES;
				GCC_WARN_UNINITIALIZED_AUTOS = YES_AGGRESSIVE;
				GCC_WARN_UNUSED_FUNCTION = YES;
				GCC_WARN_UNUSED_VARIABLE = YES;
				MACOSX_DEPLOYMENT_TARGET = 10.14;
				MTL_ENABLE_DEBUG_INFO = NO;
				MTL_FAST_MATH = YES;
				SDKROOT = macosx;
				SWIFT_COMPILATION_MODE = wholemodule;
				SWIFT_OPTIMIZATION_LEVEL = "-O";
			};
			name = Release;
		};
		C94B7A0125C4DEFC00075DFE /* Debug */ = {
			isa = XCBuildConfiguration;
			buildSettings = {
				ASSETCATALOG_COMPILER_APPICON_NAME = AppIcon;
				CODE_SIGN_ENTITLEMENTS = Neon/Neon.entitlements;
				CODE_SIGN_STYLE = Automatic;
				COMBINE_HIDPI_IMAGES = YES;
				INFOPLIST_FILE = Neon/Info.plist;
				LD_RUNPATH_SEARCH_PATHS = (
					"$(inherited)",
					"@executable_path/../Frameworks",
				);
				MACOSX_DEPLOYMENT_TARGET = 10.13;
				PRODUCT_BUNDLE_IDENTIFIER = me.beshara.Neon;
				PRODUCT_NAME = "$(TARGET_NAME)";
				SWIFT_VERSION = 5.0;
			};
			name = Debug;
		};
		C94B7A0225C4DEFC00075DFE /* Release */ = {
			isa = XCBuildConfiguration;
			buildSettings = {
				ASSETCATALOG_COMPILER_APPICON_NAME = AppIcon;
				CODE_SIGN_ENTITLEMENTS = Neon/Neon.entitlements;
				CODE_SIGN_STYLE = Automatic;
				COMBINE_HIDPI_IMAGES = YES;
				INFOPLIST_FILE = Neon/Info.plist;
				LD_RUNPATH_SEARCH_PATHS = (
					"$(inherited)",
					"@executable_path/../Frameworks",
				);
				MACOSX_DEPLOYMENT_TARGET = 10.13;
				PRODUCT_BUNDLE_IDENTIFIER = me.beshara.Neon;
				PRODUCT_NAME = "$(TARGET_NAME)";
				SWIFT_VERSION = 5.0;
			};
			name = Release;
		};
/* End XCBuildConfiguration section */

/* Begin XCConfigurationList section */
		C94B79ED25C4DEFA00075DFE /* Build configuration list for PBXProject "Neon" */ = {
			isa = XCConfigurationList;
			buildConfigurations = (
				C94B79FE25C4DEFC00075DFE /* Debug */,
				C94B79FF25C4DEFC00075DFE /* Release */,
			);
			defaultConfigurationIsVisible = 0;
			defaultConfigurationName = Release;
		};
		C94B7A0025C4DEFC00075DFE /* Build configuration list for PBXNativeTarget "Neon" */ = {
			isa = XCConfigurationList;
			buildConfigurations = (
				C94B7A0125C4DEFC00075DFE /* Debug */,
				C94B7A0225C4DEFC00075DFE /* Release */,
			);
			defaultConfigurationIsVisible = 0;
			defaultConfigurationName = Release;
		};
/* End XCConfigurationList section */
	};
	rootObject = C94B79EA25C4DEFA00075DFE /* Project object */;
}
